
Microsoft Visual Studio Solution File, Format Version 12.00
# Visual Studio Version 17
VisualStudioVersion = 17.11.35327.3
MinimumVisualStudioVersion = 10.0.40219.1
Project("{FAE04EC0-301F-11D3-BF4B-00C04F79EFBC}") = "P9_1194049", "P9_1194049\P9_1194049.csproj", "{3E4670BA-2A7C-4940-A4F7-09DD9309443F}"
EndProject
Global
	GlobalSection(SolutionConfigurationPlatforms) = preSolution
		Debug|Any CPU = Debug|Any CPU
		Release|Any CPU = Release|Any CPU
	EndGlobalSection
	GlobalSection(ProjectConfigurationPlatforms) = postSolution
		{3E4670BA-2A7C-4940-A4F7-09DD9309443F}.Debug|Any CPU.ActiveCfg = Debug|Any CPU
		{3E4670BA-2A7C-4940-A4F7-09DD9309443F}.Debug|Any CPU.Build.0 = Debug|Any CPU
		{3E4670BA-2A7C-4940-A4F7-09DD9309443F}.Release|Any CPU.ActiveCfg = Release|Any CPU
		{3E4670BA-2A7C-4940-A4F7-09DD9309443F}.Release|Any CPU.Build.0 = Release|Any CPU
	EndGlobalSection
	GlobalSection(SolutionProperties) = preSolution
		HideSolutionNode = FALSE
	EndGlobalSection
	GlobalSection(ExtensibilityGlobals) = postSolution
		SolutionGuid = {684D7790-3FE6-4ED8-B310-AB6FBD6268D4}
	EndGlobalSection
EndGlobal
